
Microsoft Visual Studio Solution File, Format Version 12.00
# Visual Studio Version 17
VisualStudioVersion = 17.13.35931.197
MinimumVisualStudioVersion = 10.0.40219.1
Project("{FAE04EC0-301F-11D3-BF4B-00C04F79EFBC}") = "StockSharpDriver", "StockSharpDriver\StockSharpDriver.csproj", "{317E4FEB-9A09-CDB5-757B-ABB927DD52B1}"
EndProject
Project("{FAE04EC0-301F-11D3-BF4B-00C04F79EFBC}") = "StockSharpMauiApp", "StockSharpMauiApp\StockSharpMauiApp.csproj", "{C47FD055-9E71-10F3-9BF6-3CF00099E7E3}"
EndProject
Project("{FAE04EC0-301F-11D3-BF4B-00C04F79EFBC}") = "BlazorLib", "..\BlankCRM\BlazorLib\BlazorLib.csproj", "{6ECBD5A2-C98E-7217-ECFA-9695AB0DB52B}"
EndProject
Project("{FAE04EC0-301F-11D3-BF4B-00C04F79EFBC}") = "SharedLib", "..\BlankCRM\SharedLib\SharedLib.csproj", "{A016319F-0590-9CA2-F6EA-DCDDB9FAFB8C}"
EndProject
Project("{2150E333-8FDC-42A3-9474-1A3956D46DE8}") = "libs", "libs", "{36D591C7-65C7-A0D1-1CBC-10CDE441BDC8}"
EndProject
Project("{FAE04EC0-301F-11D3-BF4B-00C04F79EFBC}") = "SharedLibStandard21", "..\BlankCRM\SharedLibStandard21\SharedLibStandard21.csproj", "{CE885F7A-8580-AC10-39BA-3CA73BD7B716}"
EndProject
Project("{FAE04EC0-301F-11D3-BF4B-00C04F79EFBC}") = "MQTTCallLib", "..\BlankCRM\RemoteCallLib\MQTTCallLib\MQTTCallLib.csproj", "{A4440145-B164-BEEC-B108-66938E6637D2}"
EndProject
Project("{2150E333-8FDC-42A3-9474-1A3956D46DE8}") = "main", "main", "{F89DDFD6-75AA-4F9F-9016-6CDCF6567841}"
EndProject
Project("{FAE04EC0-301F-11D3-BF4B-00C04F79EFBC}") = "CodegeneratorLib", "..\BlankCRM\CodegeneratorLib\CodegeneratorLib.csproj", "{BFC15A59-9ED6-E2AC-9199-78EC69725658}"
EndProject
Project("{FAE04EC0-301F-11D3-BF4B-00C04F79EFBC}") = "HtmlGenerator", "..\HtmlGenerator\HtmlGenerator.csproj", "{955890D9-14B9-07D1-BA06-8BEE1C8F574E}"
EndProject
Project("{FAE04EC0-301F-11D3-BF4B-00C04F79EFBC}") = "DbSqliteLib", "..\BlankCRM\DBContextLibs\DbSqliteLib\DbSqliteLib.csproj", "{B0E2F99F-BD3C-3B1D-2A72-E4FA2EE0028B}"
EndProject
Project("{FAE04EC0-301F-11D3-BF4B-00C04F79EFBC}") = "DbLayerLib", "..\BlankCRM\DBContextLibs\DbLayerLib\DbLayerLib.csproj", "{A90C0A3C-5F16-C830-B2D0-4C9FC696D34C}"
EndProject
Project("{2150E333-8FDC-42A3-9474-1A3956D46DE8}") = "Solution elements", "Solution elements", "{754FC069-D67B-A9D7-50A1-8D1CA196D8F1}"
	ProjectSection(SolutionItems) = preProject
		README.md = README.md
		..\secrets_StockSharpDriver\telegram-bot.Development.json = ..\secrets_StockSharpDriver\telegram-bot.Development.json
	EndProjectSection
EndProject
Global
	GlobalSection(SolutionConfigurationPlatforms) = preSolution
		Debug|Any CPU = Debug|Any CPU
		Release|Any CPU = Release|Any CPU
	EndGlobalSection
	GlobalSection(ProjectConfigurationPlatforms) = postSolution
		{317E4FEB-9A09-CDB5-757B-ABB927DD52B1}.Debug|Any CPU.ActiveCfg = Debug|Any CPU
		{317E4FEB-9A09-CDB5-757B-ABB927DD52B1}.Debug|Any CPU.Build.0 = Debug|Any CPU
		{317E4FEB-9A09-CDB5-757B-ABB927DD52B1}.Release|Any CPU.ActiveCfg = Release|Any CPU
		{317E4FEB-9A09-CDB5-757B-ABB927DD52B1}.Release|Any CPU.Build.0 = Release|Any CPU
		{C47FD055-9E71-10F3-9BF6-3CF00099E7E3}.Debug|Any CPU.ActiveCfg = Debug|Any CPU
		{C47FD055-9E71-10F3-9BF6-3CF00099E7E3}.Debug|Any CPU.Build.0 = Debug|Any CPU
		{C47FD055-9E71-10F3-9BF6-3CF00099E7E3}.Release|Any CPU.ActiveCfg = Release|Any CPU
		{C47FD055-9E71-10F3-9BF6-3CF00099E7E3}.Release|Any CPU.Build.0 = Release|Any CPU
		{6ECBD5A2-C98E-7217-ECFA-9695AB0DB52B}.Debug|Any CPU.ActiveCfg = Debug|Any CPU
		{6ECBD5A2-C98E-7217-ECFA-9695AB0DB52B}.Debug|Any CPU.Build.0 = Debug|Any CPU
		{6ECBD5A2-C98E-7217-ECFA-9695AB0DB52B}.Release|Any CPU.ActiveCfg = Release|Any CPU
		{6ECBD5A2-C98E-7217-ECFA-9695AB0DB52B}.Release|Any CPU.Build.0 = Release|Any CPU
		{A016319F-0590-9CA2-F6EA-DCDDB9FAFB8C}.Debug|Any CPU.ActiveCfg = Debug|Any CPU
		{A016319F-0590-9CA2-F6EA-DCDDB9FAFB8C}.Debug|Any CPU.Build.0 = Debug|Any CPU
		{A016319F-0590-9CA2-F6EA-DCDDB9FAFB8C}.Release|Any CPU.ActiveCfg = Release|Any CPU
		{A016319F-0590-9CA2-F6EA-DCDDB9FAFB8C}.Release|Any CPU.Build.0 = Release|Any CPU
		{CE885F7A-8580-AC10-39BA-3CA73BD7B716}.Debug|Any CPU.ActiveCfg = Debug|Any CPU
		{CE885F7A-8580-AC10-39BA-3CA73BD7B716}.Debug|Any CPU.Build.0 = Debug|Any CPU
		{CE885F7A-8580-AC10-39BA-3CA73BD7B716}.Release|Any CPU.ActiveCfg = Release|Any CPU
		{CE885F7A-8580-AC10-39BA-3CA73BD7B716}.Release|Any CPU.Build.0 = Release|Any CPU
		{A4440145-B164-BEEC-B108-66938E6637D2}.Debug|Any CPU.ActiveCfg = Debug|Any CPU
		{A4440145-B164-BEEC-B108-66938E6637D2}.Debug|Any CPU.Build.0 = Debug|Any CPU
		{A4440145-B164-BEEC-B108-66938E6637D2}.Release|Any CPU.ActiveCfg = Release|Any CPU
		{A4440145-B164-BEEC-B108-66938E6637D2}.Release|Any CPU.Build.0 = Release|Any CPU
		{BFC15A59-9ED6-E2AC-9199-78EC69725658}.Debug|Any CPU.ActiveCfg = Debug|Any CPU
		{BFC15A59-9ED6-E2AC-9199-78EC69725658}.Debug|Any CPU.Build.0 = Debug|Any CPU
		{BFC15A59-9ED6-E2AC-9199-78EC69725658}.Release|Any CPU.ActiveCfg = Release|Any CPU
		{BFC15A59-9ED6-E2AC-9199-78EC69725658}.Release|Any CPU.Build.0 = Release|Any CPU
		{955890D9-14B9-07D1-BA06-8BEE1C8F574E}.Debug|Any CPU.ActiveCfg = Debug|Any CPU
		{955890D9-14B9-07D1-BA06-8BEE1C8F574E}.Debug|Any CPU.Build.0 = Debug|Any CPU
		{955890D9-14B9-07D1-BA06-8BEE1C8F574E}.Release|Any CPU.ActiveCfg = Release|Any CPU
		{955890D9-14B9-07D1-BA06-8BEE1C8F574E}.Release|Any CPU.Build.0 = Release|Any CPU
		{B0E2F99F-BD3C-3B1D-2A72-E4FA2EE0028B}.Debug|Any CPU.ActiveCfg = Debug|Any CPU
		{B0E2F99F-BD3C-3B1D-2A72-E4FA2EE0028B}.Debug|Any CPU.Build.0 = Debug|Any CPU
		{B0E2F99F-BD3C-3B1D-2A72-E4FA2EE0028B}.Release|Any CPU.ActiveCfg = Release|Any CPU
		{B0E2F99F-BD3C-3B1D-2A72-E4FA2EE0028B}.Release|Any CPU.Build.0 = Release|Any CPU
		{A90C0A3C-5F16-C830-B2D0-4C9FC696D34C}.Debug|Any CPU.ActiveCfg = Debug|Any CPU
		{A90C0A3C-5F16-C830-B2D0-4C9FC696D34C}.Debug|Any CPU.Build.0 = Debug|Any CPU
		{A90C0A3C-5F16-C830-B2D0-4C9FC696D34C}.Release|Any CPU.ActiveCfg = Release|Any CPU
		{A90C0A3C-5F16-C830-B2D0-4C9FC696D34C}.Release|Any CPU.Build.0 = Release|Any CPU
	EndGlobalSection
	GlobalSection(SolutionProperties) = preSolution
		HideSolutionNode = FALSE
	EndGlobalSection
	GlobalSection(NestedProjects) = preSolution
		{6ECBD5A2-C98E-7217-ECFA-9695AB0DB52B} = {F89DDFD6-75AA-4F9F-9016-6CDCF6567841}
		{A016319F-0590-9CA2-F6EA-DCDDB9FAFB8C} = {F89DDFD6-75AA-4F9F-9016-6CDCF6567841}
		{CE885F7A-8580-AC10-39BA-3CA73BD7B716} = {F89DDFD6-75AA-4F9F-9016-6CDCF6567841}
		{A4440145-B164-BEEC-B108-66938E6637D2} = {36D591C7-65C7-A0D1-1CBC-10CDE441BDC8}
		{F89DDFD6-75AA-4F9F-9016-6CDCF6567841} = {36D591C7-65C7-A0D1-1CBC-10CDE441BDC8}
		{BFC15A59-9ED6-E2AC-9199-78EC69725658} = {F89DDFD6-75AA-4F9F-9016-6CDCF6567841}
		{955890D9-14B9-07D1-BA06-8BEE1C8F574E} = {F89DDFD6-75AA-4F9F-9016-6CDCF6567841}
		{B0E2F99F-BD3C-3B1D-2A72-E4FA2EE0028B} = {F89DDFD6-75AA-4F9F-9016-6CDCF6567841}
		{A90C0A3C-5F16-C830-B2D0-4C9FC696D34C} = {F89DDFD6-75AA-4F9F-9016-6CDCF6567841}
	EndGlobalSection
	GlobalSection(ExtensibilityGlobals) = postSolution
		SolutionGuid = {38B9F8A2-8A07-4116-80D5-377765DB0F1A}
	EndGlobalSection
EndGlobal
